
Microsoft Visual Studio Solution File, Format Version 12.00
# Visual Studio Version 16
VisualStudioVersion = 16.0.30804.86
MinimumVisualStudioVersion = 10.0.40219.1
Project("{FAE04EC0-301F-11D3-BF4B-00C04F79EFBC}") = "course_work_3_0", "course_work_3_0\course_work_3_0.csproj", "{B6117F0F-B807-4DD9-B473-C53DFD0481E6}"
EndProject
Global
	GlobalSection(SolutionConfigurationPlatforms) = preSolution
		Debug|Any CPU = Debug|Any CPU
		Release|Any CPU = Release|Any CPU
	EndGlobalSection
	GlobalSection(ProjectConfigurationPlatforms) = postSolution
		{B6117F0F-B807-4DD9-B473-C53DFD0481E6}.Debug|Any CPU.ActiveCfg = Debug|Any CPU
		{B6117F0F-B807-4DD9-B473-C53DFD0481E6}.Debug|Any CPU.Build.0 = Debug|Any CPU
		{B6117F0F-B807-4DD9-B473-C53DFD0481E6}.Release|Any CPU.ActiveCfg = Release|Any CPU
		{B6117F0F-B807-4DD9-B473-C53DFD0481E6}.Release|Any CPU.Build.0 = Release|Any CPU
	EndGlobalSection
	GlobalSection(SolutionProperties) = preSolution
		HideSolutionNode = FALSE
	EndGlobalSection
	GlobalSection(ExtensibilityGlobals) = postSolution
		SolutionGuid = {80A1115F-6EBF-479A-BF38-654ECE218E6D}
	EndGlobalSection
EndGlobal
